# This file is automatically @generated by Cargo.
# It is not intended for manual editing.
version = 4

[[package]]
name = "coreutils"
version = "0.1.0"
dependencies = [
 "libc",
 "posix-abi",
]

[[package]]
name = "init"
version = "0.1.0"
dependencies = [
 "libc",
 "posix-abi",
]

[[package]]
name = "kernel"
version = "0.1.0"
dependencies = [
 "log",
 "posix-abi",
]

[[package]]
name = "libc"
version = "0.1.0"
dependencies = [
 "posix-abi",
]

[[package]]
name = "log"
version = "0.4.33"
source = "registry+https://github.com/rust-lang/crates.io-index"
checksum = "0ceec5bc11778974d1bcb055b18002eba7f4b3518b6a0081b3af5f21666da9ad"

[[package]]
name = "posix-abi"
version = "0.1.0"

[[package]]
name = "shell"
version = "0.1.0"
dependencies = [
 "libc",
 "posix-abi",
]

[[package]]
name = "xtask"
version = "0.1.0"
dependencies = [
 "posix-abi",
]
